// !$*UTF8*$!
{
	archiveVersion = 1;
	classes = {
	};
	objectVersion = 46;
	objects = {

/* Begin PBXBuildFile section */
		A0BD5CC61DD0015900260ED0 /* AppDelegate.swift in Sources */ = {isa = PBXBuildFile; fileRef = A0BD5CC51DD0015900260ED0 /* AppDelegate.swift */; };
		A0BD5CC81DD0015900260ED0 /* ViewController.swift in Sources */ = {isa = PBXBuildFile; fileRef = A0BD5CC71DD0015900260ED0 /* ViewController.swift */; };
		A0BD5CCB1DD0015900260ED0 /* Main.storyboard in Resources */ = {isa = PBXBuildFile; fileRef = A0BD5CC91DD0015900260ED0 /* Main.storyboard */; };
		A0BD5CCD1DD0015900260ED0 /* Assets.xcassets in Resources */ = {isa = PBXBuildFile; fileRef = A0BD5CCC1DD0015900260ED0 /* Assets.xcassets */; };
		A0BD5CD01DD0015900260ED0 /* LaunchScreen.storyboard in Resources */ = {isa = PBXBuildFile; fileRef = A0BD5CCE1DD0015900260ED0 /* LaunchScreen.storyboard */; };
		A0BD5CDB1DD0015900260ED0 /* ssingTests.swift in Sources */ = {isa = PBXBuildFile; fileRef = A0BD5CDA1DD0015900260ED0 /* ssingTests.swift */; };
/* End PBXBuildFile section */

/* Begin PBXContainerItemProxy section */
		A0BD5CD71DD0015900260ED0 /* PBXContainerItemProxy */ = {
			isa = PBXContainerItemProxy;
			containerPortal = A0BD5CBA1DD0015800260ED0 /* Project object */;
			proxyType = 1;
			remoteGlobalIDString = A0BD5CC11DD0015800260ED0;
			remoteInfo = ssing;
		};
/* End PBXContainerItemProxy section */

/* Begin PBXFileReference section */
		A0BD5CC21DD0015900260ED0 /* ssing.app */ = {isa = PBXFileReference; explicitFileType = wrapper.application; includeInIndex = 0; path = ssing.app; sourceTree = BUILT_PRODUCTS_DIR; };
		A0BD5CC51DD0015900260ED0 /* AppDelegate.swift */ = {isa = PBXFileReference; lastKnownFileType = sourcecode.swift; path = AppDelegate.swift; sourceTree = "<group>"; };
		A0BD5CC71DD0015900260ED0 /* ViewController.swift */ = {isa = PBXFileReference; lastKnownFileType = sourcecode.swift; path = ViewController.swift; sourceTree = "<group>"; };
		A0BD5CCA1DD0015900260ED0 /* Base */ = {isa = PBXFileReference; lastKnownFileType = file.storyboard; name = Base; path = Base.lproj/Main.storyboard; sourceTree = "<group>"; };
		A0BD5CCC1DD0015900260ED0 /* Assets.xcassets */ = {isa = PBXFileReference; lastKnownFileType = folder.assetcatalog; path = Assets.xcassets; sourceTree = "<group>"; };
		A0BD5CCF1DD0015900260ED0 /* Base */ = {isa = PBXFileReference; lastKnownFileType = file.storyboard; name = Base; path = Base.lproj/LaunchScreen.storyboard; sourceTree = "<group>"; };
		A0BD5CD11DD0015900260ED0 /* Info.plist */ = {isa = PBXFileReference; lastKnownFileType = text.plist.xml; path = Info.plist; sourceTree = "<group>"; };
		A0BD5CD61DD0015900260ED0 /* ssingTests.xctest */ = {isa = PBXFileReference; explicitFileType = wrapper.cfbundle; includeInIndex = 0; path = ssingTests.xctest; sourceTree = BUILT_PRODUCTS_DIR; };
		A0BD5CDA1DD0015900260ED0 /* ssingTests.swift */ = {isa = PBXFileReference; lastKnownFileType = sourcecode.swift; path = ssingTests.swift; sourceTree = "<group>"; };
		A0BD5CDC1DD0015900260ED0 /* Info.plist */ = {isa = PBXFileReference; lastKnownFileType = text.plist.xml; path = Info.plist; sourceTree = "<group>"; };
/* End PBXFileReference section */

/* Begin PBXFrameworksBuildPhase section */
		A0BD5CBF1DD0015800260ED0 /* Frameworks */ = {
			isa = PBXFrameworksBuildPhase;
			buildActionMask = 2147483647;
			files = (
			);
			runOnlyForDeploymentPostprocessing = 0;
		};
		A0BD5CD31DD0015900260ED0 /* Frameworks */ = {
			isa = PBXFrameworksBuildPhase;
			buildActionMask = 2147483647;
			files = (
			);
			runOnlyForDeploymentPostprocessing = 0;
		};
/* End PBXFrameworksBuildPhase section */

/* Begin PBXGroup section */
		A0BD5CB91DD0015800260ED0 = {
			isa = PBXGroup;
			children = (
				A0BD5CC41DD0015900260ED0 /* ssing */,
				A0BD5CD91DD0015900260ED0 /* ssingTests */,
				A0BD5CC31DD0015900260ED0 /* Products */,
			);
			sourceTree = "<group>";
		};
		A0BD5CC31DD0015900260ED0 /* Products */ = {
			isa = PBXGroup;
			children = (
				A0BD5CC21DD0015900260ED0 /* ssing.app */,
				A0BD5CD61DD0015900260ED0 /* ssingTests.xctest */,
			);
			name = Products;
			sourceTree = "<group>";
		};
		A0BD5CC41DD0015900260ED0 /* ssing */ = {
			isa = PBXGroup;
			children = (
				A0BD5CC51DD0015900260ED0 /* AppDelegate.swift */,
				A0BD5CC71DD0015900260ED0 /* ViewController.swift */,
				A0BD5CC91DD0015900260ED0 /* Main.storyboard */,
				A0BD5CCC1DD0015900260ED0 /* Assets.xcassets */,
				A0BD5CCE1DD0015900260ED0 /* LaunchScreen.storyboard */,
				A0BD5CD11DD0015900260ED0 /* Info.plist */,
			);
			path = ssing;
			sourceTree = "<group>";
		};
		A0BD5CD91DD0015900260ED0 /* ssingTests */ = {
			isa = PBXGroup;
			children = (
				A0BD5CDA1DD0015900260ED0 /* ssingTests.swift */,
				A0BD5CDC1DD0015900260ED0 /* Info.plist */,
			);
			path = ssingTests;
			sourceTree = "<group>";
		};
/* End PBXGroup section */

/* Begin PBXNativeTarget section */
		A0BD5CC11DD0015800260ED0 /* ssing */ = {
			isa = PBXNativeTarget;
			buildConfigurationList = A0BD5CDF1DD0015900260ED0 /* Build configuration list for PBXNativeTarget "ssing" */;
			buildPhases = (
				A0BD5CBE1DD0015800260ED0 /* Sources */,
				A0BD5CBF1DD0015800260ED0 /* Frameworks */,
				A0BD5CC01DD0015800260ED0 /* Resources */,
			);
			buildRules = (
			);
			dependencies = (
			);
			name = ssing;
			productName = ssing;
			productReference = A0BD5CC21DD0015900260ED0 /* ssing.app */;
			productType = "com.apple.product-type.application";
		};
		A0BD5CD51DD0015900260ED0 /* ssingTests */ = {
			isa = PBXNativeTarget;
			buildConfigurationList = A0BD5CE21DD0015900260ED0 /* Build configuration list for PBXNativeTarget "ssingTests" */;
			buildPhases = (
				A0BD5CD21DD0015900260ED0 /* Sources */,
				A0BD5CD31DD0015900260ED0 /* Frameworks */,
				A0BD5CD41DD0015900260ED0 /* Resources */,
			);
			buildRules = (
			);
			dependencies = (
				A0BD5CD81DD0015900260ED0 /* PBXTargetDependency */,
			);
			name = ssingTests;
			productName = ssingTests;
			productReference = A0BD5CD61DD0015900260ED0 /* ssingTests.xctest */;
			productType = "com.apple.product-type.bundle.unit-test";
		};
/* End PBXNativeTarget section */

/* Begin PBXProject section */
		A0BD5CBA1DD0015800260ED0 /* Project object */ = {
			isa = PBXProject;
			attributes = {
				LastSwiftUpdateCheck = 0810;
				LastUpgradeCheck = 0810;
				ORGANIZATIONNAME = slogup;
				TargetAttributes = {
					A0BD5CC11DD0015800260ED0 = {
						CreatedOnToolsVersion = 8.1;
						DevelopmentTeam = 3BX7UAG4ZQ;
						ProvisioningStyle = Automatic;
					};
					A0BD5CD51DD0015900260ED0 = {
						CreatedOnToolsVersion = 8.1;
						DevelopmentTeam = 3BX7UAG4ZQ;
						ProvisioningStyle = Automatic;
						TestTargetID = A0BD5CC11DD0015800260ED0;
					};
				};
			};
			buildConfigurationList = A0BD5CBD1DD0015800260ED0 /* Build configuration list for PBXProject "ssing" */;
			compatibilityVersion = "Xcode 3.2";
			developmentRegion = English;
			hasScannedForEncodings = 0;
			knownRegions = (
				en,
				Base,
			);
			mainGroup = A0BD5CB91DD0015800260ED0;
			productRefGroup = A0BD5CC31DD0015900260ED0 /* Products */;
			projectDirPath = "";
			projectRoot = "";
			targets = (
				A0BD5CC11DD0015800260ED0 /* ssing */,
				A0BD5CD51DD0015900260ED0 /* ssingTests */,
			);
		};
/* End PBXProject section */

/* Begin PBXResourcesBuildPhase section */
		A0BD5CC01DD0015800260ED0 /* Resources */ = {
			isa = PBXResourcesBuildPhase;
			buildActionMask = 2147483647;
			files = (
				A0BD5CD01DD0015900260ED0 /* LaunchScreen.storyboard in Resources */,
				A0BD5CCD1DD0015900260ED0 /* Assets.xcassets in Resources */,
				A0BD5CCB1DD0015900260ED0 /* Main.storyboard in Resources */,
			);
			runOnlyForDeploymentPostprocessing = 0;
		};
		A0BD5CD41DD0015900260ED0 /* Resources */ = {
			isa = PBXResourcesBuildPhase;
			buildActionMask = 2147483647;
			files = (
			);
			runOnlyForDeploymentPostprocessing = 0;
		};
/* End PBXResourcesBuildPhase section */

/* Begin PBXSourcesBuildPhase section */
		A0BD5CBE1DD0015800260ED0 /* Sources */ = {
			isa = PBXSourcesBuildPhase;
			buildActionMask = 2147483647;
			files = (
				A0BD5CC81DD0015900260ED0 /* ViewController.swift in Sources */,
				A0BD5CC61DD0015900260ED0 /* AppDelegate.swift in Sources */,
			);
			runOnlyForDeploymentPostprocessing = 0;
		};
		A0BD5CD21DD0015900260ED0 /* Sources */ = {
			isa = PBXSourcesBuildPhase;
			buildActionMask = 2147483647;
			files = (
				A0BD5CDB1DD0015900260ED0 /* ssingTests.swift in Sources */,
			);
			runOnlyForDeploymentPostprocessing = 0;
		};
/* End PBXSourcesBuildPhase section */

/* Begin PBXTargetDependency section */
		A0BD5CD81DD0015900260ED0 /* PBXTargetDependency */ = {
			isa = PBXTargetDependency;
			target = A0BD5CC11DD0015800260ED0 /* ssing */;
			targetProxy = A0BD5CD71DD0015900260ED0 /* PBXContainerItemProxy */;
		};
/* End PBXTargetDependency section */

/* Begin PBXVariantGroup section */
		A0BD5CC91DD0015900260ED0 /* Main.storyboard */ = {
			isa = PBXVariantGroup;
			children = (
				A0BD5CCA1DD0015900260ED0 /* Base */,
			);
			name = Main.storyboard;
			sourceTree = "<group>";
		};
		A0BD5CCE1DD0015900260ED0 /* LaunchScreen.storyboard */ = {
			isa = PBXVariantGroup;
			children = (
				A0BD5CCF1DD0015900260ED0 /* Base */,
			);
			name = LaunchScreen.storyboard;
			sourceTree = "<group>";
		};
/* End PBXVariantGroup section */

/* Begin XCBuildConfiguration section */
		A0BD5CDD1DD0015900260ED0 /* Debug */ = {
			isa = XCBuildConfiguration;
			buildSettings = {
				ALWAYS_SEARCH_USER_PATHS = NO;
				CLANG_ANALYZER_NONNULL = YES;
				CLANG_CXX_LANGUAGE_STANDARD = "gnu++0x";
				CLANG_CXX_LIBRARY = "libc++";
				CLANG_ENABLE_MODULES = YES;
				CLANG_ENABLE_OBJC_ARC = YES;
				CLANG_WARN_BOOL_CONVERSION = YES;
				CLANG_WARN_CONSTANT_CONVERSION = YES;
				CLANG_WARN_DIRECT_OBJC_ISA_USAGE = YES_ERROR;
				CLANG_WARN_DOCUMENTATION_COMMENTS = YES;
				CLANG_WARN_EMPTY_BODY = YES;
				CLANG_WARN_ENUM_CONVERSION = YES;
				CLANG_WARN_INFINITE_RECURSION = YES;
				CLANG_WARN_INT_CONVERSION = YES;
				CLANG_WARN_OBJC_ROOT_CLASS = YES_ERROR;
				CLANG_WARN_SUSPICIOUS_MOVES = YES;
				CLANG_WARN_UNREACHABLE_CODE = YES;
				CLANG_WARN__DUPLICATE_METHOD_MATCH = YES;
				"CODE_SIGN_IDENTITY[sdk=iphoneos*]" = "iPhone Developer";
				COPY_PHASE_STRIP = NO;
				DEBUG_INFORMATION_FORMAT = dwarf;
				ENABLE_STRICT_OBJC_MSGSEND = YES;
				ENABLE_TESTABILITY = YES;
				GCC_C_LANGUAGE_STANDARD = gnu99;
				GCC_DYNAMIC_NO_PIC = NO;
				GCC_NO_COMMON_BLOCKS = YES;
				GCC_OPTIMIZATION_LEVEL = 0;
				GCC_PREPROCESSOR_DEFINITIONS = (
					"DEBUG=1",
					"$(inherited)",
				);
				GCC_WARN_64_TO_32_BIT_CONVERSION = YES;
				GCC_WARN_ABOUT_RETURN_TYPE = YES_ERROR;
				GCC_WARN_UNDECLARED_SELECTOR = YES;
				GCC_WARN_UNINITIALIZED_AUTOS = YES_AGGRESSIVE;
				GCC_WARN_UNUSED_FUNCTION = YES;
				GCC_WARN_UNUSED_VARIABLE = YES;
				IPHONEOS_DEPLOYMENT_TARGET = 10.1;
				MTL_ENABLE_DEBUG_INFO = YES;
				ONLY_ACTIVE_ARCH = YES;
				SDKROOT = iphoneos;
				SWIFT_ACTIVE_COMPILATION_CONDITIONS = DEBUG;
				SWIFT_OPTIMIZATION_LEVEL = "-Onone";
			};
			name = Debug;
		};
		A0BD5CDE1DD0015900260ED0 /* Release */ = {
			isa = XCBuildConfiguration;
			buildSettings = {
				ALWAYS_SEARCH_USER_PATHS = NO;
				CLANG_ANALYZER_NONNULL = YES;
				CLANG_CXX_LANGUAGE_STANDARD = "gnu++0x";
				CLANG_CXX_LIBRARY = "libc++";
				CLANG_ENABLE_MODULES = YES;
				CLANG_ENABLE_OBJC_ARC = YES;
				CLANG_WARN_BOOL_CONVERSION = YES;
				CLANG_WARN_CONSTANT_CONVERSION = YES;
				CLANG_WARN_DIRECT_OBJC_ISA_USAGE = YES_ERROR;
				CLANG_WARN_DOCUMENTATION_COMMENTS = YES;
				CLANG_WARN_EMPTY_BODY = YES;
				CLANG_WARN_ENUM_CONVERSION = YES;
				CLANG_WARN_INFINITE_RECURSION = YES;
				CLANG_WARN_INT_CONVERSION = YES;
				CLANG_WARN_OBJC_ROOT_CLASS = YES_ERROR;
				CLANG_WARN_SUSPICIOUS_MOVES = YES;
				CLANG_WARN_UNREACHABLE_CODE = YES;
				CLANG_WARN__DUPLICATE_METHOD_MATCH = YES;
				"CODE_SIGN_IDENTITY[sdk=iphoneos*]" = "iPhone Developer";
				COPY_PHASE_STRIP = NO;
				DEBUG_INFORMATION_FORMAT = "dwarf-with-dsym";
				ENABLE_NS_ASSERTIONS = NO;
				ENABLE_STRICT_OBJC_MSGSEND = YES;
				GCC_C_LANGUAGE_STANDARD = gnu99;
				GCC_NO_COMMON_BLOCKS = YES;
				GCC_WARN_64_TO_32_BIT_CONVERSION = YES;
				GCC_WARN_ABOUT_RETURN_TYPE = YES_ERROR;
				GCC_WARN_UNDECLARED_SELECTOR = YES;
				GCC_WARN_UNINITIALIZED_AUTOS = YES_AGGRESSIVE;
				GCC_WARN_UNUSED_FUNCTION = YES;
				GCC_WARN_UNUSED_VARIABLE = YES;
				IPHONEOS_DEPLOYMENT_TARGET = 10.1;
				MTL_ENABLE_DEBUG_INFO = NO;
				SDKROOT = iphoneos;
				SWIFT_OPTIMIZATION_LEVEL = "-Owholemodule";
				VALIDATE_PRODUCT = YES;
			};
			name = Release;
		};
		A0BD5CE01DD0015900260ED0 /* Debug */ = {
			isa = XCBuildConfiguration;
			buildSettings = {
				ASSETCATALOG_COMPILER_APPICON_NAME = AppIcon;
				DEVELOPMENT_TEAM = 3BX7UAG4ZQ;
				INFOPLIST_FILE = ssing/Info.plist;
				LD_RUNPATH_SEARCH_PATHS = "$(inherited) @executable_path/Frameworks";
				PRODUCT_BUNDLE_IDENTIFIER = com.ssing;
				PRODUCT_NAME = "$(TARGET_NAME)";
				SWIFT_VERSION = 3.0;
			};
			name = Debug;
		};
		A0BD5CE11DD0015900260ED0 /* Release */ = {
			isa = XCBuildConfiguration;
			buildSettings = {
				ASSETCATALOG_COMPILER_APPICON_NAME = AppIcon;
				DEVELOPMENT_TEAM = 3BX7UAG4ZQ;
				INFOPLIST_FILE = ssing/Info.plist;
				LD_RUNPATH_SEARCH_PATHS = "$(inherited) @executable_path/Frameworks";
				PRODUCT_BUNDLE_IDENTIFIER = com.ssing;
				PRODUCT_NAME = "$(TARGET_NAME)";
				SWIFT_VERSION = 3.0;
			};
			name = Release;
		};
		A0BD5CE31DD0015900260ED0 /* Debug */ = {
			isa = XCBuildConfiguration;
			buildSettings = {
				ALWAYS_EMBED_SWIFT_STANDARD_LIBRARIES = YES;
				BUNDLE_LOADER = "$(TEST_HOST)";
				DEVELOPMENT_TEAM = 3BX7UAG4ZQ;
				INFOPLIST_FILE = ssingTests/Info.plist;
				LD_RUNPATH_SEARCH_PATHS = "$(inherited) @executable_path/Frameworks @loader_path/Frameworks";
				PRODUCT_BUNDLE_IDENTIFIER = com.ssingTests;
				PRODUCT_NAME = "$(TARGET_NAME)";
				SWIFT_VERSION = 3.0;
				TEST_HOST = "$(BUILT_PRODUCTS_DIR)/ssing.app/ssing";
			};
			name = Debug;
		};
		A0BD5CE41DD0015900260ED0 /* Release */ = {
			isa = XCBuildConfiguration;
			buildSettings = {
				ALWAYS_EMBED_SWIFT_STANDARD_LIBRARIES = YES;
				BUNDLE_LOADER = "$(TEST_HOST)";
				DEVELOPMENT_TEAM = 3BX7UAG4ZQ;
				INFOPLIST_FILE = ssingTests/Info.plist;
				LD_RUNPATH_SEARCH_PATHS = "$(inherited) @executable_path/Frameworks @loader_path/Frameworks";
				PRODUCT_BUNDLE_IDENTIFIER = com.ssingTests;
				PRODUCT_NAME = "$(TARGET_NAME)";
				SWIFT_VERSION = 3.0;
				TEST_HOST = "$(BUILT_PRODUCTS_DIR)/ssing.app/ssing";
			};
			name = Release;
		};
/* End XCBuildConfiguration section */

/* Begin XCConfigurationList section */
		A0BD5CBD1DD0015800260ED0 /* Build configuration list for PBXProject "ssing" */ = {
			isa = XCConfigurationList;
			buildConfigurations = (
				A0BD5CDD1DD0015900260ED0 /* Debug */,
				A0BD5CDE1DD0015900260ED0 /* Release */,
			);
			defaultConfigurationIsVisible = 0;
			defaultConfigurationName = Release;
		};
		A0BD5CDF1DD0015900260ED0 /* Build configuration list for PBXNativeTarget "ssing" */ = {
			isa = XCConfigurationList;
			buildConfigurations = (
				A0BD5CE01DD0015900260ED0 /* Debug */,
				A0BD5CE11DD0015900260ED0 /* Release */,
			);
			defaultConfigurationIsVisible = 0;
		};
		A0BD5CE21DD0015900260ED0 /* Build configuration list for PBXNativeTarget "ssingTests" */ = {
			isa = XCConfigurationList;
			buildConfigurations = (
				A0BD5CE31DD0015900260ED0 /* Debug */,
				A0BD5CE41DD0015900260ED0 /* Release */,
			);
			defaultConfigurationIsVisible = 0;
		};
/* End XCConfigurationList section */
	};
	rootObject = A0BD5CBA1DD0015800260ED0 /* Project object */;
}
